{
  "name": "@sveltejs/pancake",
  "version": "0.0.17",
  "lockfileVersion": 1,
  "requires": true,
  "dependencies": {
    "d3-quadtree": {
      "version": "2.0.0",
      "resolved": "https://registry.npmjs.org/d3-quadtree/-/d3-quadtree-2.0.0.tgz",
      "integrity": "sha512-b0Ed2t1UUalJpc3qXzKi+cPGxeXRr4KU9YSlocN74aTzp6R/Ud43t79yLLqxHRWZfsvWXmbDWPpoENK1K539xw=="
    },
    "yootils": {
      "version": "0.0.16",
      "resolved": "https://registry.npmjs.org/yootils/-/yootils-0.0.16.tgz",
      "integrity": "sha512-aIVecm5ucOzwhtKbl0zkfg0ZSOUR9c2da0k8cIc9umjjzkvVCWUUX/UHZ1CLPsv4wmJLqt0aWeLB7p9n9JDwYQ=="
    }
  }
}
